PODS:
  - FlexLayout (2.2.2):
    - Yoga (= 3.2.1)
  - PinLayout (1.10.6)
  - Yoga (3.2.1)

DEPENDENCIES:
  - FlexLayout
  - PinLayout

SPEC REPOS:
  trunk:
    - FlexLayout
    - PinLayout
    - Yoga

SPEC CHECKSUMS:
  FlexLayout: c73d8da295a01937efece5531e12a692a3b9dd07
  PinLayout: e2fceb4cbfdf49f3569fc242a7dfa0da4fb9aa06
  Yoga: 636ce73bd247407928a7df089f3bc3675916b3ff

PODFILE CHECKSUM: e052df87e271dded327ddc7febe2a540a0431288

COCOAPODS: 1.17.0
